<?xml version="1.0" encoding="utf-8"?>
<Project ToolsVersion="4.0" xmlns="http://schemas.microsoft.com/developer/msbuild/2003">
  <ItemGroup>
    <Filter Include="Application">
      <UniqueIdentifier>{D9DE78AF-4594-F1A4-CE88-EB7B3A3DE8A8}</UniqueIdentifier>
    </Filter>
    <Filter Include="FastFourierTransformCPU">
      <UniqueIdentifier>{D31A7804-3F52-C09B-485C-24BFB412E794}</UniqueIdentifier>
    </Filter>
    <Filter Include="FastFourierTransformGPU">
      <UniqueIdentifier>{D72B7804-4363-C09B-4C6D-24BFB823E794}</UniqueIdentifier>
    </Filter>
    <Filter Include="FilteredBackProjection">
      <UniqueIdentifier>{C249C883-AE43-F1D5-97B0-87E683495742}</UniqueIdentifier>
    </Filter>
    <Filter Include="Interprocess">
      <UniqueIdentifier>{26BE885A-1221-18FF-BBA6-50B5A7E8E381}</UniqueIdentifier>
    </Filter>
    <Filter Include="ProgressBar">
      <UniqueIdentifier>{8FFFF130-FBB4-6A26-84A9-64FDF05D612A}</UniqueIdentifier>
    </Filter>
  </ItemGroup>
  <ItemGroup>
    <ClInclude Include="..\CTReconstructor\Source\Application\Procedures.h">
      <Filter>Application</Filter>
    </ClInclude>
    <ClInclude Include="..\CTReconstructor\Source\Application\ProceduresInterface.h">
      <Filter>Application</Filter>
    </ClInclude>
    <ClInclude Include="..\CTReconstructor\Source\Application\ProgramSourcePaths.h">
      <Filter>Application</Filter>
    </ClInclude>
    <ClInclude Include="..\CTReconstructor\Source\FastFourierTransformCPU\FastFourierTransform.h">
      <Filter>FastFourierTransformCPU</Filter>
    </ClInclude>
    <ClInclude Include="..\CTReconstructor\Source\FastFourierTransformCPU\FastFourierTransformImage.h">
      <Filter>FastFourierTransformCPU</Filter>
    </ClInclude>
    <ClInclude Include="..\CTReconstructor\Source\FastFourierTransformCPU\ParallelFastFourierTransform.h">
      <Filter>FastFourierTransformCPU</Filter>
    </ClInclude>
    <ClInclude Include="..\CTReconstructor\Source\FastFourierTransformGPU\FFFTShaderDefines.h">
      <Filter>FastFourierTransformGPU</Filter>
    </ClInclude>
    <ClInclude Include="..\CTReconstructor\Source\FastFourierTransformGPU\FastFourierTransformGPU.h">
      <Filter>FastFourierTransformGPU</Filter>
    </ClInclude>
    <ClInclude Include="..\CTReconstructor\Source\FilteredBackProjection\FBP2D.h">
      <Filter>FilteredBackProjection</Filter>
    </ClInclude>
    <ClInclude Include="..\CTReconstructor\Source\FilteredBackProjection\FBP3D.h">
      <Filter>FilteredBackProjection</Filter>
    </ClInclude>
    <ClInclude Include="..\CTReconstructor\Source\FilteredBackProjection\FBPShaderDefines.h">
      <Filter>FilteredBackProjection</Filter>
    </ClInclude>
    <ClInclude Include="..\CTReconstructor\Source\Interprocess\Event.h">
      <Filter>Interprocess</Filter>
    </ClInclude>
    <ClInclude Include="..\CTReconstructor\Source\Interprocess\Pipe.h">
      <Filter>Interprocess</Filter>
    </ClInclude>
    <ClInclude Include="..\CTReconstructor\Source\Interprocess\ProcessHandle.h">
      <Filter>Interprocess</Filter>
    </ClInclude>
    <ClInclude Include="..\CTReconstructor\Source\ProgressBar\ProgressTimer.h">
      <Filter>ProgressBar</Filter>
    </ClInclude>
  </ItemGroup>
  <ItemGroup>
    <ClCompile Include="..\CTReconstructor\Source\Application\Procedures.cpp">
      <Filter>Application</Filter>
    </ClCompile>
    <ClCompile Include="..\CTReconstructor\Source\Application\ProceduresInterface.cpp">
      <Filter>Application</Filter>
    </ClCompile>
    <ClCompile Include="..\CTReconstructor\Source\FastFourierTransformCPU\FastFourierTransform.cpp">
      <Filter>FastFourierTransformCPU</Filter>
    </ClCompile>
    <ClCompile Include="..\CTReconstructor\Source\FastFourierTransformCPU\FastFourierTransformImage.cpp">
      <Filter>FastFourierTransformCPU</Filter>
    </ClCompile>
    <ClCompile Include="..\CTReconstructor\Source\FastFourierTransformCPU\ParallelFastFourierTransform.cpp">
      <Filter>FastFourierTransformCPU</Filter>
    </ClCompile>
    <ClCompile Include="..\CTReconstructor\Source\FastFourierTransformGPU\FastFourierTransformGPU.cpp">
      <Filter>FastFourierTransformGPU</Filter>
    </ClCompile>
    <ClCompile Include="..\CTReconstructor\Source\FilteredBackProjection\FBP2D.cpp">
      <Filter>FilteredBackProjection</Filter>
    </ClCompile>
    <ClCompile Include="..\CTReconstructor\Source\FilteredBackProjection\FBP3D.cpp">
      <Filter>FilteredBackProjection</Filter>
    </ClCompile>
    <ClCompile Include="..\CTReconstructor\Source\Interprocess\Event.cpp">
      <Filter>Interprocess</Filter>
    </ClCompile>
    <ClCompile Include="..\CTReconstructor\Source\Interprocess\Pipe.cpp">
      <Filter>Interprocess</Filter>
    </ClCompile>
    <ClCompile Include="..\CTReconstructor\Source\Interprocess\ProcessHandle.cpp">
      <Filter>Interprocess</Filter>
    </ClCompile>
    <ClCompile Include="..\CTReconstructor\Source\ProgressBar\ProgressTimer.cpp">
      <Filter>ProgressBar</Filter>
    </ClCompile>
  </ItemGroup>
</Project>