<?xml version="1.0" encoding="utf-8"?>
<Project ToolsVersion="4.0" xmlns="http://schemas.microsoft.com/developer/msbuild/2003">
  <ItemGroup>
    <Filter Include="Dependencies">
      <UniqueIdentifier>{6C01343A-5864-C3DE-01EA-FB94ED2B8F61}</UniqueIdentifier>
    </Filter>
    <Filter Include="Dependencies\imgui">
      <UniqueIdentifier>{D66F4EFA-C253-0F50-2BB4-09A317B7F9D1}</UniqueIdentifier>
    </Filter>
    <Filter Include="Dependencies\physx">
      <UniqueIdentifier>{D7A9CAFA-C38D-8B50-2CEE-85A318F175D2}</UniqueIdentifier>
    </Filter>
    <Filter Include="Dependencies\physx\snippetcommon">
      <UniqueIdentifier>{F2534262-DEA4-2DA4-0709-1C66F3B8C00D}</UniqueIdentifier>
    </Filter>
    <Filter Include="Dependencies\stb_image">
      <UniqueIdentifier>{0669C0A7-F262-E9F9-DBCF-7F0AC7684F66}</UniqueIdentifier>
    </Filter>
    <Filter Include="Source">
      <UniqueIdentifier>{56EB95D1-428D-C0A7-2B48-D4FB178947F8}</UniqueIdentifier>
    </Filter>
    <Filter Include="Source\Graphics">
      <UniqueIdentifier>{56D4EE92-C25F-5C57-CB70-DF4B377BB857}</UniqueIdentifier>
    </Filter>
    <Filter Include="Source\Graphics\Buffers">
      <UniqueIdentifier>{D2894521-3EC1-8DB8-47CB-F1DBB381B4B1}</UniqueIdentifier>
    </Filter>
    <Filter Include="Source\Graphics\Defaults">
      <UniqueIdentifier>{5DD48452-49F9-D3D2-7244-B9625EC8D2F0}</UniqueIdentifier>
    </Filter>
    <Filter Include="Source\Graphics\GUI">
      <UniqueIdentifier>{6A0E685C-D66F-456A-5FDD-8B1CCB3D7C29}</UniqueIdentifier>
    </Filter>
    <Filter Include="Source\Graphics\Lights">
      <UniqueIdentifier>{906075F8-7C5A-9E4A-65C7-345B516004B7}</UniqueIdentifier>
    </Filter>
    <Filter Include="Source\Graphics\Math">
      <UniqueIdentifier>{EF5E6DE9-DBED-F6B2-840C-0BAE707A0759}</UniqueIdentifier>
    </Filter>
    <Filter Include="Source\Graphics\Meshes">
      <UniqueIdentifier>{CAB988FA-B6B3-B14C-9F20-485D8BB917B9}</UniqueIdentifier>
    </Filter>
    <Filter Include="Source\Graphics\Rendering">
      <UniqueIdentifier>{2381A06F-8F43-D4F9-D8F3-628644F5ACD7}</UniqueIdentifier>
    </Filter>
    <Filter Include="Source\Graphics\Rendering\new system">
      <UniqueIdentifier>{414A8D73-2D31-4F6B-D681-B588C247C8D1}</UniqueIdentifier>
    </Filter>
    <Filter Include="Source\Graphics\Shaders">
      <UniqueIdentifier>{2FEF341F-9B26-7DB6-A430-E1D910E7A3AF}</UniqueIdentifier>
    </Filter>
    <Filter Include="Source\Graphics\Text">
      <UniqueIdentifier>{2A4771E9-16D6-FAB2-BFF4-0EAEAB620B59}</UniqueIdentifier>
    </Filter>
    <Filter Include="Source\Graphics\Textures">
      <UniqueIdentifier>{E9E6F641-D50B-46C2-FE56-2B52EADA44E0}</UniqueIdentifier>
    </Filter>
    <Filter Include="Source\Graphics\Textures\new system">
      <UniqueIdentifier>{47C83444-B381-9FEE-3CE1-B9C8A899555E}</UniqueIdentifier>
    </Filter>
    <Filter Include="Source\Graphics\Windowing">
      <UniqueIdentifier>{9BBCCD67-077F-01F2-502F-907EBC30DACF}</UniqueIdentifier>
    </Filter>
    <Filter Include="Source\Physics">
      <UniqueIdentifier>{C8E4CE5D-B4B2-C263-9D46-338A89B39EC8}</UniqueIdentifier>
    </Filter>
    <Filter Include="Source\System">
      <UniqueIdentifier>{AA01D950-16C2-5487-DFFC-9D044B7C9963}</UniqueIdentifier>
    </Filter>
  </ItemGroup>
  <ItemGroup>
    <ClInclude Include="Dependencies\imgui\imconfig.h">
      <Filter>Dependencies\imgui</Filter>
    </ClInclude>
    <ClInclude Include="Dependencies\imgui\imgui.h">
      <Filter>Dependencies\imgui</Filter>
    </ClInclude>
    <ClInclude Include="Dependencies\imgui\imgui_impl_glfw.h">
      <Filter>Dependencies\imgui</Filter>
    </ClInclude>
    <ClInclude Include="Dependencies\imgui\imgui_impl_opengl3.h">
      <Filter>Dependencies\imgui</Filter>
    </ClInclude>
    <ClInclude Include="Dependencies\imgui\imgui_impl_opengl3_loader.h">
      <Filter>Dependencies\imgui</Filter>
    </ClInclude>
    <ClInclude Include="Dependencies\imgui\imgui_internal.h">
      <Filter>Dependencies\imgui</Filter>
    </ClInclude>
    <ClInclude Include="Dependencies\imgui\imstb_rectpack.h">
      <Filter>Dependencies\imgui</Filter>
    </ClInclude>
    <ClInclude Include="Dependencies\imgui\imstb_textedit.h">
      <Filter>Dependencies\imgui</Filter>
    </ClInclude>
    <ClInclude Include="Dependencies\imgui\imstb_truetype.h">
      <Filter>Dependencies\imgui</Filter>
    </ClInclude>
    <ClInclude Include="Dependencies\physx\snippetcommon\SnippetPVD.h">
      <Filter>Dependencies\physx\snippetcommon</Filter>
    </ClInclude>
    <ClInclude Include="Dependencies\physx\snippetcommon\SnippetPrint.h">
      <Filter>Dependencies\physx\snippetcommon</Filter>
    </ClInclude>
    <ClInclude Include="Dependencies\physx\snippetcommon\SnippetVehicleConcurrency.h">
      <Filter>Dependencies\physx\snippetcommon</Filter>
    </ClInclude>
    <ClInclude Include="Dependencies\physx\snippetcommon\SnippetVehicleCreate.h">
      <Filter>Dependencies\physx\snippetcommon</Filter>
    </ClInclude>
    <ClInclude Include="Dependencies\physx\snippetcommon\SnippetVehicleFilterShader.h">
      <Filter>Dependencies\physx\snippetcommon</Filter>
    </ClInclude>
    <ClInclude Include="Dependencies\physx\snippetcommon\SnippetVehicleSceneQuery.h">
      <Filter>Dependencies\physx\snippetcommon</Filter>
    </ClInclude>
    <ClInclude Include="Dependencies\physx\snippetcommon\SnippetVehicleTireFriction.h">
      <Filter>Dependencies\physx\snippetcommon</Filter>
    </ClInclude>
    <ClInclude Include="Dependencies\physx\snippetcommon\SnippetVehicleWheelQueryResult.h">
      <Filter>Dependencies\physx\snippetcommon</Filter>
    </ClInclude>
    <ClInclude Include="Dependencies\stb_image\stb_image.h">
      <Filter>Dependencies\stb_image</Filter>
    </ClInclude>
    <ClInclude Include="Dependencies\stb_image\stb_image_resize.h">
      <Filter>Dependencies\stb_image</Filter>
    </ClInclude>
    <ClInclude Include="Dependencies\stb_image\stb_image_write.h">
      <Filter>Dependencies\stb_image</Filter>
    </ClInclude>
    <ClInclude Include="Source\Config.h">
      <Filter>Source</Filter>
    </ClInclude>
    <ClInclude Include="Source\Graphics\Buffers\Buffer.h">
      <Filter>Source\Graphics\Buffers</Filter>
    </ClInclude>
    <ClInclude Include="Source\Graphics\Defaults\Default_Assets.h">
      <Filter>Source\Graphics\Defaults</Filter>
    </ClInclude>
    <ClInclude Include="Source\Graphics\Defaults\Default_Programs.h">
      <Filter>Source\Graphics\Defaults</Filter>
    </ClInclude>
    <ClInclude Include="Source\Graphics\GUI\Default_Gui_Widgets.h">
      <Filter>Source\Graphics\GUI</Filter>
    </ClInclude>
    <ClInclude Include="Source\Graphics\GUI\Gui.h">
      <Filter>Source\Graphics\GUI</Filter>
    </ClInclude>
    <ClInclude Include="Source\Graphics\GUI\_templated_overloads.h">
      <Filter>Source\Graphics\GUI</Filter>
    </ClInclude>
    <ClInclude Include="Source\Graphics\Lights\Lights.h">
      <Filter>Source\Graphics\Lights</Filter>
    </ClInclude>
    <ClInclude Include="Source\Graphics\Math\CortexMath.h">
      <Filter>Source\Graphics\Math</Filter>
    </ClInclude>
    <ClInclude Include="Source\Graphics\Meshes\AssetImporter.h">
      <Filter>Source\Graphics\Meshes</Filter>
    </ClInclude>
    <ClInclude Include="Source\Graphics\Meshes\Mesh.h">
      <Filter>Source\Graphics\Meshes</Filter>
    </ClInclude>
    <ClInclude Include="Source\Graphics\Meshes\Model.h">
      <Filter>Source\Graphics\Meshes</Filter>
    </ClInclude>
    <ClInclude Include="Source\Graphics\Meshes\ModelTextureTable.h">
      <Filter>Source\Graphics\Meshes</Filter>
    </ClInclude>
    <ClInclude Include="Source\Graphics\Rendering\Camera.h">
      <Filter>Source\Graphics\Rendering</Filter>
    </ClInclude>
    <ClInclude Include="Source\Graphics\Rendering\CustomRenderPipelines.h">
      <Filter>Source\Graphics\Rendering</Filter>
    </ClInclude>
    <ClInclude Include="Source\Graphics\Rendering\Debuger.h">
      <Filter>Source\Graphics\Rendering</Filter>
    </ClInclude>
    <ClInclude Include="Source\Graphics\Rendering\FrameBuffer.h">
      <Filter>Source\Graphics\Rendering</Filter>
    </ClInclude>
    <ClInclude Include="Source\Graphics\Rendering\Graphic.h">
      <Filter>Source\Graphics\Rendering</Filter>
    </ClInclude>
    <ClInclude Include="Source\Graphics\Rendering\RenderPipeline.h">
      <Filter>Source\Graphics\Rendering</Filter>
    </ClInclude>
    <ClInclude Include="Source\Graphics\Rendering\Scene.h">
      <Filter>Source\Graphics\Rendering</Filter>
    </ClInclude>
    <ClInclude Include="Source\Graphics\Rendering\new system\FrameBuffer2.h">
      <Filter>Source\Graphics\Rendering\new system</Filter>
    </ClInclude>
    <ClInclude Include="Source\Graphics\Shaders\ShaderCompiler.h">
      <Filter>Source\Graphics\Shaders</Filter>
    </ClInclude>
    <ClInclude Include="Source\Graphics\Shaders\UniformUpdater.h">
      <Filter>Source\Graphics\Shaders</Filter>
    </ClInclude>
    <ClInclude Include="Source\Graphics\Shaders\UnifromQueue.h">
      <Filter>Source\Graphics\Shaders</Filter>
    </ClInclude>
    <ClInclude Include="Source\Graphics\Text\Font.h">
      <Filter>Source\Graphics\Text</Filter>
    </ClInclude>
    <ClInclude Include="Source\Graphics\Text\Text.h">
      <Filter>Source\Graphics\Text</Filter>
    </ClInclude>
    <ClInclude Include="Source\Graphics\Textures\CubeMap.h">
      <Filter>Source\Graphics\Textures</Filter>
    </ClInclude>
    <ClInclude Include="Source\Graphics\Textures\Image.h">
      <Filter>Source\Graphics\Textures</Filter>
    </ClInclude>
    <ClInclude Include="Source\Graphics\Textures\Texture.h">
      <Filter>Source\Graphics\Textures</Filter>
    </ClInclude>
    <ClInclude Include="Source\Graphics\Textures\new system\BufferTexture.h">
      <Filter>Source\Graphics\Textures\new system</Filter>
    </ClInclude>
    <ClInclude Include="Source\Graphics\Textures\new system\RenderBuffer.h">
      <Filter>Source\Graphics\Textures\new system</Filter>
    </ClInclude>
    <ClInclude Include="Source\Graphics\Textures\new system\Texture1D.h">
      <Filter>Source\Graphics\Textures\new system</Filter>
    </ClInclude>
    <ClInclude Include="Source\Graphics\Textures\new system\Texture2D.h">
      <Filter>Source\Graphics\Textures\new system</Filter>
    </ClInclude>
    <ClInclude Include="Source\Graphics\Textures\new system\Texture3D.h">
      <Filter>Source\Graphics\Textures\new system</Filter>
    </ClInclude>
    <ClInclude Include="Source\Graphics\Textures\new system\TextureArray.h">
      <Filter>Source\Graphics\Textures\new system</Filter>
    </ClInclude>
    <ClInclude Include="Source\Graphics\Textures\new system\TextureBase.h">
      <Filter>Source\Graphics\Textures\new system</Filter>
    </ClInclude>
    <ClInclude Include="Source\Graphics\Textures\new system\TextureCubeMap.h">
      <Filter>Source\Graphics\Textures\new system</Filter>
    </ClInclude>
    <ClInclude Include="Source\Graphics\Windowing\Frame.h">
      <Filter>Source\Graphics\Windowing</Filter>
    </ClInclude>
    <ClInclude Include="Source\GraphicsCortex.h">
      <Filter>Source</Filter>
    </ClInclude>
    <ClInclude Include="Source\Physics\Object.h">
      <Filter>Source\Physics</Filter>
    </ClInclude>
    <ClInclude Include="Source\Physics\PhysicsContext.h">
      <Filter>Source\Physics</Filter>
    </ClInclude>
    <ClInclude Include="Source\Physics\PhysicsGeometry.h">
      <Filter>Source\Physics</Filter>
    </ClInclude>
    <ClInclude Include="Source\Physics\PhysicsLink.h">
      <Filter>Source\Physics</Filter>
    </ClInclude>
    <ClInclude Include="Source\Physics\PhysicsObject.h">
      <Filter>Source\Physics</Filter>
    </ClInclude>
    <ClInclude Include="Source\Physics\PhysicsScene.h">
      <Filter>Source\Physics</Filter>
    </ClInclude>
    <ClInclude Include="Source\Physics\PhysicsVehicle.h">
      <Filter>Source\Physics</Filter>
    </ClInclude>
    <ClInclude Include="Source\System\BinaryBuffers.h">
      <Filter>Source\System</Filter>
    </ClInclude>
    <ClInclude Include="Source\System\DirectoryUtils.h">
      <Filter>Source\System</Filter>
    </ClInclude>
    <ClInclude Include="Source\System\RamCache.h">
      <Filter>Source\System</Filter>
    </ClInclude>
  </ItemGroup>
  <ItemGroup>
    <ClCompile Include="Dependencies\imgui\imgui.cpp">
      <Filter>Dependencies\imgui</Filter>
    </ClCompile>
    <ClCompile Include="Dependencies\imgui\imgui_draw.cpp">
      <Filter>Dependencies\imgui</Filter>
    </ClCompile>
    <ClCompile Include="Dependencies\imgui\imgui_impl_glfw.cpp">
      <Filter>Dependencies\imgui</Filter>
    </ClCompile>
    <ClCompile Include="Dependencies\imgui\imgui_impl_opengl3.cpp">
      <Filter>Dependencies\imgui</Filter>
    </ClCompile>
    <ClCompile Include="Dependencies\imgui\imgui_tables.cpp">
      <Filter>Dependencies\imgui</Filter>
    </ClCompile>
    <ClCompile Include="Dependencies\imgui\imgui_widgets.cpp">
      <Filter>Dependencies\imgui</Filter>
    </ClCompile>
    <ClCompile Include="Dependencies\physx\snippetcommon\SnippetVehicle4WCreate.cpp">
      <Filter>Dependencies\physx\snippetcommon</Filter>
    </ClCompile>
    <ClCompile Include="Dependencies\physx\snippetcommon\SnippetVehicleCreate.cpp">
      <Filter>Dependencies\physx\snippetcommon</Filter>
    </ClCompile>
    <ClCompile Include="Dependencies\physx\snippetcommon\SnippetVehicleFilterShader.cpp">
      <Filter>Dependencies\physx\snippetcommon</Filter>
    </ClCompile>
    <ClCompile Include="Dependencies\physx\snippetcommon\SnippetVehicleNoDriveCreate.cpp">
      <Filter>Dependencies\physx\snippetcommon</Filter>
    </ClCompile>
    <ClCompile Include="Dependencies\physx\snippetcommon\SnippetVehicleSceneQuery.cpp">
      <Filter>Dependencies\physx\snippetcommon</Filter>
    </ClCompile>
    <ClCompile Include="Dependencies\physx\snippetcommon\SnippetVehicleTankCreate.cpp">
      <Filter>Dependencies\physx\snippetcommon</Filter>
    </ClCompile>
    <ClCompile Include="Dependencies\physx\snippetcommon\SnippetVehicleTireFriction.cpp">
      <Filter>Dependencies\physx\snippetcommon</Filter>
    </ClCompile>
    <ClCompile Include="Dependencies\stb_image\stb_image.cpp">
      <Filter>Dependencies\stb_image</Filter>
    </ClCompile>
    <ClCompile Include="Dependencies\stb_image\stb_image_resize.cpp">
      <Filter>Dependencies\stb_image</Filter>
    </ClCompile>
    <ClCompile Include="Dependencies\stb_image\stb_image_write.cpp">
      <Filter>Dependencies\stb_image</Filter>
    </ClCompile>
    <ClCompile Include="Source\Graphics\Buffers\Buffer.cpp">
      <Filter>Source\Graphics\Buffers</Filter>
    </ClCompile>
    <ClCompile Include="Source\Graphics\Defaults\Default_Assets.cpp">
      <Filter>Source\Graphics\Defaults</Filter>
    </ClCompile>
    <ClCompile Include="Source\Graphics\Defaults\Default_Programs.cpp">
      <Filter>Source\Graphics\Defaults</Filter>
    </ClCompile>
    <ClCompile Include="Source\Graphics\GUI\Default_Gui_Widgets.cpp">
      <Filter>Source\Graphics\GUI</Filter>
    </ClCompile>
    <ClCompile Include="Source\Graphics\GUI\Gui.cpp">
      <Filter>Source\Graphics\GUI</Filter>
    </ClCompile>
    <ClCompile Include="Source\Graphics\Lights\Lights.cpp">
      <Filter>Source\Graphics\Lights</Filter>
    </ClCompile>
    <ClCompile Include="Source\Graphics\Math\CortexMath.cpp">
      <Filter>Source\Graphics\Math</Filter>
    </ClCompile>
    <ClCompile Include="Source\Graphics\Meshes\AssetImporter.cpp">
      <Filter>Source\Graphics\Meshes</Filter>
    </ClCompile>
    <ClCompile Include="Source\Graphics\Meshes\Mesh.cpp">
      <Filter>Source\Graphics\Meshes</Filter>
    </ClCompile>
    <ClCompile Include="Source\Graphics\Meshes\Model.cpp">
      <Filter>Source\Graphics\Meshes</Filter>
    </ClCompile>
    <ClCompile Include="Source\Graphics\Meshes\ModelTextureTable.cpp">
      <Filter>Source\Graphics\Meshes</Filter>
    </ClCompile>
    <ClCompile Include="Source\Graphics\Rendering\Camera.cpp">
      <Filter>Source\Graphics\Rendering</Filter>
    </ClCompile>
    <ClCompile Include="Source\Graphics\Rendering\Debuger.cpp">
      <Filter>Source\Graphics\Rendering</Filter>
    </ClCompile>
    <ClCompile Include="Source\Graphics\Rendering\FrameBuffer.cpp">
      <Filter>Source\Graphics\Rendering</Filter>
    </ClCompile>
    <ClCompile Include="Source\Graphics\Rendering\Graphic.cpp">
      <Filter>Source\Graphics\Rendering</Filter>
    </ClCompile>
    <ClCompile Include="Source\Graphics\Rendering\RenderPipeline.cpp">
      <Filter>Source\Graphics\Rendering</Filter>
    </ClCompile>
    <ClCompile Include="Source\Graphics\Rendering\Scene.cpp">
      <Filter>Source\Graphics\Rendering</Filter>
    </ClCompile>
    <ClCompile Include="Source\Graphics\Rendering\new system\FrameBuffer2.cpp">
      <Filter>Source\Graphics\Rendering\new system</Filter>
    </ClCompile>
    <ClCompile Include="Source\Graphics\Shaders\ShaderCompiler.cpp">
      <Filter>Source\Graphics\Shaders</Filter>
    </ClCompile>
    <ClCompile Include="Source\Graphics\Shaders\UniformQueue.cpp">
      <Filter>Source\Graphics\Shaders</Filter>
    </ClCompile>
    <ClCompile Include="Source\Graphics\Text\Font.cpp">
      <Filter>Source\Graphics\Text</Filter>
    </ClCompile>
    <ClCompile Include="Source\Graphics\Text\Text.cpp">
      <Filter>Source\Graphics\Text</Filter>
    </ClCompile>
    <ClCompile Include="Source\Graphics\Textures\CubeMap.cpp">
      <Filter>Source\Graphics\Textures</Filter>
    </ClCompile>
    <ClCompile Include="Source\Graphics\Textures\Image.cpp">
      <Filter>Source\Graphics\Textures</Filter>
    </ClCompile>
    <ClCompile Include="Source\Graphics\Textures\Texture.cpp">
      <Filter>Source\Graphics\Textures</Filter>
    </ClCompile>
    <ClCompile Include="Source\Graphics\Textures\new system\Texture2D.cpp">
      <Filter>Source\Graphics\Textures\new system</Filter>
    </ClCompile>
    <ClCompile Include="Source\Graphics\Textures\new system\TextureBase.cpp">
      <Filter>Source\Graphics\Textures\new system</Filter>
    </ClCompile>
    <ClCompile Include="Source\Graphics\Windowing\Frame.cpp">
      <Filter>Source\Graphics\Windowing</Filter>
    </ClCompile>
    <ClCompile Include="Source\Physics\Object.cpp">
      <Filter>Source\Physics</Filter>
    </ClCompile>
    <ClCompile Include="Source\Physics\PhysicsContext.cpp">
      <Filter>Source\Physics</Filter>
    </ClCompile>
    <ClCompile Include="Source\Physics\PhysicsGeometry.cpp">
      <Filter>Source\Physics</Filter>
    </ClCompile>
    <ClCompile Include="Source\Physics\PhysicsLink.cpp">
      <Filter>Source\Physics</Filter>
    </ClCompile>
    <ClCompile Include="Source\Physics\PhysicsObject.cpp">
      <Filter>Source\Physics</Filter>
    </ClCompile>
    <ClCompile Include="Source\Physics\PhysicsScene.cpp">
      <Filter>Source\Physics</Filter>
    </ClCompile>
    <ClCompile Include="Source\Physics\PhysicsVehicle.cpp">
      <Filter>Source\Physics</Filter>
    </ClCompile>
    <ClCompile Include="Source\System\BinaryBuffers.cpp">
      <Filter>Source\System</Filter>
    </ClCompile>
    <ClCompile Include="Source\System\DirectoryUtils.cpp">
      <Filter>Source\System</Filter>
    </ClCompile>
    <ClCompile Include="Source\System\RamCache.cpp">
      <Filter>Source\System</Filter>
    </ClCompile>
  </ItemGroup>
</Project>