<?xml version="1.0" encoding="utf-8"?>
<Project ToolsVersion="4.0" xmlns="http://schemas.microsoft.com/developer/msbuild/2003">
  <ItemGroup>
    <Filter Include="Kaynak Dosyalar">
      <UniqueIdentifier>{4FC737F1-C7A5-4376-A066-2A32D752A2FF}</UniqueIdentifier>
      <Extensions>cpp;c;cc;cxx;c++;cppm;ixx;def;odl;idl;hpj;bat;asm;asmx</Extensions>
    </Filter>
    <Filter Include="Üst Bilgi Dosyaları">
      <UniqueIdentifier>{93995380-89BD-4b04-88EB-625FBE52EBFB}</UniqueIdentifier>
      <Extensions>h;hh;hpp;hxx;h++;hm;inl;inc;ipp;xsd</Extensions>
    </Filter>
    <Filter Include="Kaynak Dosyaları">
      <UniqueIdentifier>{67DA6AB6-F800-4c08-8B7A-83BB121AAD01}</UniqueIdentifier>
      <Extensions>rc;ico;cur;bmp;dlg;rc2;rct;bin;rgs;gif;jpg;jpeg;jpe;resx;tiff;tif;png;wav;mfcribbon-ms</Extensions>
    </Filter>
    <Filter Include="NewFilter1">
      <UniqueIdentifier>{882ecea0-87a5-4634-abff-a2171f90d0ab}</UniqueIdentifier>
    </Filter>
  </ItemGroup>
  <ItemGroup>
    <ClCompile Include="API\Debuger.cpp">
      <Filter>Kaynak Dosyalar</Filter>
    </ClCompile>
    <ClCompile Include="API\ShaderCompiler.cpp">
      <Filter>Kaynak Dosyalar</Filter>
    </ClCompile>
    <ClCompile Include="API\Buffer.cpp">
      <Filter>Kaynak Dosyalar</Filter>
    </ClCompile>
    <ClCompile Include="API\Frame.cpp">
      <Filter>Kaynak Dosyalar</Filter>
    </ClCompile>
    <ClCompile Include="API\Graphic.cpp">
      <Filter>Kaynak Dosyalar</Filter>
    </ClCompile>
    <ClCompile Include="Dependencies\stb_image\stb_image.cpp">
      <Filter>Kaynak Dosyalar</Filter>
    </ClCompile>
    <ClCompile Include="API\Texture.cpp">
      <Filter>Kaynak Dosyalar</Filter>
    </ClCompile>
    <ClCompile Include="API\Camera.cpp">
      <Filter>Kaynak Dosyalar</Filter>
    </ClCompile>
    <ClCompile Include="API\Scene.cpp">
      <Filter>Kaynak Dosyalar</Filter>
    </ClCompile>
    <ClCompile Include="API\Lights.cpp">
      <Filter>Kaynak Dosyalar</Filter>
    </ClCompile>
    <ClCompile Include="API\Default_Assets.cpp">
      <Filter>Kaynak Dosyalar</Filter>
    </ClCompile>
    <ClCompile Include="API\FrameBuffer.cpp">
      <Filter>Kaynak Dosyalar</Filter>
    </ClCompile>
    <ClCompile Include="API\CubeMap.cpp">
      <Filter>Kaynak Dosyalar</Filter>
    </ClCompile>
    <ClCompile Include="API\UniformQueue.cpp">
      <Filter>Kaynak Dosyalar</Filter>
    </ClCompile>
    <ClCompile Include="API\PhysicsContext.cpp">
      <Filter>Kaynak Dosyalar</Filter>
    </ClCompile>
    <ClCompile Include="API\PhysicsGeometry.cpp">
      <Filter>Kaynak Dosyalar</Filter>
    </ClCompile>
    <ClCompile Include="API\PhysicsObject.cpp">
      <Filter>Kaynak Dosyalar</Filter>
    </ClCompile>
    <ClCompile Include="API\PhysicsScene.cpp">
      <Filter>Kaynak Dosyalar</Filter>
    </ClCompile>
    <ClCompile Include="API\PhysicsLink.cpp">
      <Filter>Kaynak Dosyalar</Filter>
    </ClCompile>
    <ClCompile Include="snippetcommon\SnippetVehicle4WCreate.cpp">
      <Filter>Kaynak Dosyalar</Filter>
    </ClCompile>
    <ClCompile Include="snippetcommon\SnippetVehicleCreate.cpp">
      <Filter>Kaynak Dosyalar</Filter>
    </ClCompile>
    <ClCompile Include="snippetcommon\SnippetVehicleFilterShader.cpp">
      <Filter>Kaynak Dosyalar</Filter>
    </ClCompile>
    <ClCompile Include="snippetcommon\SnippetVehicleNoDriveCreate.cpp">
      <Filter>Kaynak Dosyalar</Filter>
    </ClCompile>
    <ClCompile Include="snippetcommon\SnippetVehicleSceneQuery.cpp">
      <Filter>Kaynak Dosyalar</Filter>
    </ClCompile>
    <ClCompile Include="snippetcommon\SnippetVehicleTankCreate.cpp">
      <Filter>Kaynak Dosyalar</Filter>
    </ClCompile>
    <ClCompile Include="snippetcommon\SnippetVehicleTireFriction.cpp">
      <Filter>Kaynak Dosyalar</Filter>
    </ClCompile>
    <ClCompile Include="API\PhysicsVehicle.cpp">
      <Filter>Kaynak Dosyalar</Filter>
    </ClCompile>
    <ClCompile Include="physx_vehicle_main.cpp">
      <Filter>Kaynak Dosyalar</Filter>
    </ClCompile>
  </ItemGroup>
  <ItemGroup>
    <None Include="Shaders\Solid.vert" />
    <None Include="Shaders\Solid.frag" />
    <None Include="Shaders\FlatColor.vert" />
    <None Include="Shaders\FlatColor.frag" />
    <None Include="Shaders\FrameBuffer.vert" />
    <None Include="Shaders\FrameBuffer.frag" />
    <None Include="Shaders\CubeMap.vert" />
    <None Include="Shaders\CubeMap.frag" />
    <None Include="Shaders\Solid.geom" />
    <None Include="Shaders\NormalTest.frag" />
    <None Include="Dependencies\assimp\include\assimp\color4.inl">
      <Filter>Üst Bilgi Dosyaları</Filter>
    </None>
    <None Include="Dependencies\assimp\include\assimp\material.inl">
      <Filter>Üst Bilgi Dosyaları</Filter>
    </None>
    <None Include="Dependencies\assimp\include\assimp\matrix3x3.inl">
      <Filter>Üst Bilgi Dosyaları</Filter>
    </None>
    <None Include="Dependencies\assimp\include\assimp\matrix4x4.inl">
      <Filter>Üst Bilgi Dosyaları</Filter>
    </None>
    <None Include="Dependencies\assimp\include\assimp\quaternion.inl">
      <Filter>Üst Bilgi Dosyaları</Filter>
    </None>
    <None Include="Dependencies\assimp\include\assimp\SmoothingGroups.inl">
      <Filter>Üst Bilgi Dosyaları</Filter>
    </None>
    <None Include="Dependencies\assimp\include\assimp\vector2.inl">
      <Filter>Üst Bilgi Dosyaları</Filter>
    </None>
    <None Include="Dependencies\assimp\include\assimp\vector3.inl">
      <Filter>Üst Bilgi Dosyaları</Filter>
    </None>
    <None Include="Dependencies\assimp\bin\assimp-vc143-mtd.dll" />
  </ItemGroup>
  <ItemGroup>
    <ClInclude Include="API\Debuger.h">
      <Filter>Üst Bilgi Dosyaları</Filter>
    </ClInclude>
    <ClInclude Include="API\ShaderCompiler.h">
      <Filter>Üst Bilgi Dosyaları</Filter>
    </ClInclude>
    <ClInclude Include="API\Buffer.h">
      <Filter>Üst Bilgi Dosyaları</Filter>
    </ClInclude>
    <ClInclude Include="API\Graphic.h">
      <Filter>Üst Bilgi Dosyaları</Filter>
    </ClInclude>
    <ClInclude Include="API\Frame.h">
      <Filter>Üst Bilgi Dosyaları</Filter>
    </ClInclude>
    <ClInclude Include="Dependencies\stb_image\stb_image.h">
      <Filter>Üst Bilgi Dosyaları</Filter>
    </ClInclude>
    <ClInclude Include="Dependencies\GLEW\include\GL\eglew.h">
      <Filter>Üst Bilgi Dosyaları</Filter>
    </ClInclude>
    <ClInclude Include="Dependencies\GLEW\include\GL\glew.h">
      <Filter>Üst Bilgi Dosyaları</Filter>
    </ClInclude>
    <ClInclude Include="Dependencies\GLEW\include\GL\glxew.h">
      <Filter>Üst Bilgi Dosyaları</Filter>
    </ClInclude>
    <ClInclude Include="Dependencies\GLEW\include\GL\wglew.h">
      <Filter>Üst Bilgi Dosyaları</Filter>
    </ClInclude>
    <ClInclude Include="API\Texture.h">
      <Filter>Üst Bilgi Dosyaları</Filter>
    </ClInclude>
    <ClInclude Include="API\Camera.h">
      <Filter>Üst Bilgi Dosyaları</Filter>
    </ClInclude>
    <ClInclude Include="API\Scene.h">
      <Filter>Üst Bilgi Dosyaları</Filter>
    </ClInclude>
    <ClInclude Include="API\Default_Assets.h">
      <Filter>Üst Bilgi Dosyaları</Filter>
    </ClInclude>
    <ClInclude Include="API\Lights.h">
      <Filter>Üst Bilgi Dosyaları</Filter>
    </ClInclude>
    <ClInclude Include="API\FrameBuffer.h">
      <Filter>Üst Bilgi Dosyaları</Filter>
    </ClInclude>
    <ClInclude Include="API\CubeMap.h">
      <Filter>Üst Bilgi Dosyaları</Filter>
    </ClInclude>
    <ClInclude Include="Dependencies\assimp\include\assimp\Compiler\poppack1.h">
      <Filter>Üst Bilgi Dosyaları</Filter>
    </ClInclude>
    <ClInclude Include="Dependencies\assimp\include\assimp\Compiler\pstdint.h">
      <Filter>Üst Bilgi Dosyaları</Filter>
    </ClInclude>
    <ClInclude Include="Dependencies\assimp\include\assimp\Compiler\pushpack1.h">
      <Filter>Üst Bilgi Dosyaları</Filter>
    </ClInclude>
    <ClInclude Include="Dependencies\assimp\include\assimp\port\AndroidJNI\AndroidJNIIOSystem.h">
      <Filter>Üst Bilgi Dosyaları</Filter>
    </ClInclude>
    <ClInclude Include="Dependencies\assimp\include\assimp\aabb.h">
      <Filter>Üst Bilgi Dosyaları</Filter>
    </ClInclude>
    <ClInclude Include="Dependencies\assimp\include\assimp\ai_assert.h">
      <Filter>Üst Bilgi Dosyaları</Filter>
    </ClInclude>
    <ClInclude Include="Dependencies\assimp\include\assimp\anim.h">
      <Filter>Üst Bilgi Dosyaları</Filter>
    </ClInclude>
    <ClInclude Include="Dependencies\assimp\include\assimp\BaseImporter.h">
      <Filter>Üst Bilgi Dosyaları</Filter>
    </ClInclude>
    <ClInclude Include="Dependencies\assimp\include\assimp\Bitmap.h">
      <Filter>Üst Bilgi Dosyaları</Filter>
    </ClInclude>
    <ClInclude Include="Dependencies\assimp\include\assimp\BlobIOSystem.h">
      <Filter>Üst Bilgi Dosyaları</Filter>
    </ClInclude>
    <ClInclude Include="Dependencies\assimp\include\assimp\ByteSwapper.h">
      <Filter>Üst Bilgi Dosyaları</Filter>
    </ClInclude>
    <ClInclude Include="Dependencies\assimp\include\assimp\camera.h">
      <Filter>Üst Bilgi Dosyaları</Filter>
    </ClInclude>
    <ClInclude Include="Dependencies\assimp\include\assimp\cexport.h">
      <Filter>Üst Bilgi Dosyaları</Filter>
    </ClInclude>
    <ClInclude Include="Dependencies\assimp\include\assimp\cfileio.h">
      <Filter>Üst Bilgi Dosyaları</Filter>
    </ClInclude>
    <ClInclude Include="Dependencies\assimp\include\assimp\cimport.h">
      <Filter>Üst Bilgi Dosyaları</Filter>
    </ClInclude>
    <ClInclude Include="Dependencies\assimp\include\assimp\color4.h">
      <Filter>Üst Bilgi Dosyaları</Filter>
    </ClInclude>
    <ClInclude Include="Dependencies\assimp\include\assimp\config.h">
      <Filter>Üst Bilgi Dosyaları</Filter>
    </ClInclude>
    <ClInclude Include="Dependencies\assimp\include\assimp\CreateAnimMesh.h">
      <Filter>Üst Bilgi Dosyaları</Filter>
    </ClInclude>
    <ClInclude Include="Dependencies\assimp\include\assimp\DefaultIOStream.h">
      <Filter>Üst Bilgi Dosyaları</Filter>
    </ClInclude>
    <ClInclude Include="Dependencies\assimp\include\assimp\DefaultIOSystem.h">
      <Filter>Üst Bilgi Dosyaları</Filter>
    </ClInclude>
    <ClInclude Include="Dependencies\assimp\include\assimp\DefaultLogger.hpp">
      <Filter>Üst Bilgi Dosyaları</Filter>
    </ClInclude>
    <ClInclude Include="Dependencies\assimp\include\assimp\Defines.h">
      <Filter>Üst Bilgi Dosyaları</Filter>
    </ClInclude>
    <ClInclude Include="Dependencies\assimp\include\assimp\defs.h">
      <Filter>Üst Bilgi Dosyaları</Filter>
    </ClInclude>
    <ClInclude Include="Dependencies\assimp\include\assimp\Exceptional.h">
      <Filter>Üst Bilgi Dosyaları</Filter>
    </ClInclude>
    <ClInclude Include="Dependencies\assimp\include\assimp\Exporter.hpp">
      <Filter>Üst Bilgi Dosyaları</Filter>
    </ClInclude>
    <ClInclude Include="Dependencies\assimp\include\assimp\fast_atof.h">
      <Filter>Üst Bilgi Dosyaları</Filter>
    </ClInclude>
    <ClInclude Include="Dependencies\assimp\include\assimp\GenericProperty.h">
      <Filter>Üst Bilgi Dosyaları</Filter>
    </ClInclude>
    <ClInclude Include="Dependencies\assimp\include\assimp\Hash.h">
      <Filter>Üst Bilgi Dosyaları</Filter>
    </ClInclude>
    <ClInclude Include="Dependencies\assimp\include\assimp\Importer.hpp">
      <Filter>Üst Bilgi Dosyaları</Filter>
    </ClInclude>
    <ClInclude Include="Dependencies\assimp\include\assimp\importerdesc.h">
      <Filter>Üst Bilgi Dosyaları</Filter>
    </ClInclude>
    <ClInclude Include="Dependencies\assimp\include\assimp\IOStream.hpp">
      <Filter>Üst Bilgi Dosyaları</Filter>
    </ClInclude>
    <ClInclude Include="Dependencies\assimp\include\assimp\IOStreamBuffer.h">
      <Filter>Üst Bilgi Dosyaları</Filter>
    </ClInclude>
    <ClInclude Include="Dependencies\assimp\include\assimp\IOSystem.hpp">
      <Filter>Üst Bilgi Dosyaları</Filter>
    </ClInclude>
    <ClInclude Include="Dependencies\assimp\include\assimp\irrXMLWrapper.h">
      <Filter>Üst Bilgi Dosyaları</Filter>
    </ClInclude>
    <ClInclude Include="Dependencies\assimp\include\assimp\light.h">
      <Filter>Üst Bilgi Dosyaları</Filter>
    </ClInclude>
    <ClInclude Include="Dependencies\assimp\include\assimp\LineSplitter.h">
      <Filter>Üst Bilgi Dosyaları</Filter>
    </ClInclude>
    <ClInclude Include="Dependencies\assimp\include\assimp\LogAux.h">
      <Filter>Üst Bilgi Dosyaları</Filter>
    </ClInclude>
    <ClInclude Include="Dependencies\assimp\include\assimp\Logger.hpp">
      <Filter>Üst Bilgi Dosyaları</Filter>
    </ClInclude>
    <ClInclude Include="Dependencies\assimp\include\assimp\LogStream.hpp">
      <Filter>Üst Bilgi Dosyaları</Filter>
    </ClInclude>
    <ClInclude Include="Dependencies\assimp\include\assimp\Macros.h">
      <Filter>Üst Bilgi Dosyaları</Filter>
    </ClInclude>
    <ClInclude Include="Dependencies\assimp\include\assimp\material.h">
      <Filter>Üst Bilgi Dosyaları</Filter>
    </ClInclude>
    <ClInclude Include="Dependencies\assimp\include\assimp\MathFunctions.h">
      <Filter>Üst Bilgi Dosyaları</Filter>
    </ClInclude>
    <ClInclude Include="Dependencies\assimp\include\assimp\matrix3x3.h">
      <Filter>Üst Bilgi Dosyaları</Filter>
    </ClInclude>
    <ClInclude Include="Dependencies\assimp\include\assimp\matrix4x4.h">
      <Filter>Üst Bilgi Dosyaları</Filter>
    </ClInclude>
    <ClInclude Include="Dependencies\assimp\include\assimp\MemoryIOWrapper.h">
      <Filter>Üst Bilgi Dosyaları</Filter>
    </ClInclude>
    <ClInclude Include="Dependencies\assimp\include\assimp\mesh.h">
      <Filter>Üst Bilgi Dosyaları</Filter>
    </ClInclude>
    <ClInclude Include="Dependencies\assimp\include\assimp\metadata.h">
      <Filter>Üst Bilgi Dosyaları</Filter>
    </ClInclude>
    <ClInclude Include="Dependencies\assimp\include\assimp\NullLogger.hpp">
      <Filter>Üst Bilgi Dosyaları</Filter>
    </ClInclude>
    <ClInclude Include="Dependencies\assimp\include\assimp\ParsingUtils.h">
      <Filter>Üst Bilgi Dosyaları</Filter>
    </ClInclude>
    <ClInclude Include="Dependencies\assimp\include\assimp\pbrmaterial.h">
      <Filter>Üst Bilgi Dosyaları</Filter>
    </ClInclude>
    <ClInclude Include="Dependencies\assimp\include\assimp\postprocess.h">
      <Filter>Üst Bilgi Dosyaları</Filter>
    </ClInclude>
    <ClInclude Include="Dependencies\assimp\include\assimp\Profiler.h">
      <Filter>Üst Bilgi Dosyaları</Filter>
    </ClInclude>
    <ClInclude Include="Dependencies\assimp\include\assimp\ProgressHandler.hpp">
      <Filter>Üst Bilgi Dosyaları</Filter>
    </ClInclude>
    <ClInclude Include="Dependencies\assimp\include\assimp\qnan.h">
      <Filter>Üst Bilgi Dosyaları</Filter>
    </ClInclude>
    <ClInclude Include="Dependencies\assimp\include\assimp\quaternion.h">
      <Filter>Üst Bilgi Dosyaları</Filter>
    </ClInclude>
    <ClInclude Include="Dependencies\assimp\include\assimp\RemoveComments.h">
      <Filter>Üst Bilgi Dosyaları</Filter>
    </ClInclude>
    <ClInclude Include="Dependencies\assimp\include\assimp\scene.h">
      <Filter>Üst Bilgi Dosyaları</Filter>
    </ClInclude>
    <ClInclude Include="Dependencies\assimp\include\assimp\SceneCombiner.h">
      <Filter>Üst Bilgi Dosyaları</Filter>
    </ClInclude>
    <ClInclude Include="Dependencies\assimp\include\assimp\SGSpatialSort.h">
      <Filter>Üst Bilgi Dosyaları</Filter>
    </ClInclude>
    <ClInclude Include="Dependencies\assimp\include\assimp\SkeletonMeshBuilder.h">
      <Filter>Üst Bilgi Dosyaları</Filter>
    </ClInclude>
    <ClInclude Include="Dependencies\assimp\include\assimp\SmoothingGroups.h">
      <Filter>Üst Bilgi Dosyaları</Filter>
    </ClInclude>
    <ClInclude Include="Dependencies\assimp\include\assimp\SpatialSort.h">
      <Filter>Üst Bilgi Dosyaları</Filter>
    </ClInclude>
    <ClInclude Include="Dependencies\assimp\include\assimp\StandardShapes.h">
      <Filter>Üst Bilgi Dosyaları</Filter>
    </ClInclude>
    <ClInclude Include="Dependencies\assimp\include\assimp\StreamReader.h">
      <Filter>Üst Bilgi Dosyaları</Filter>
    </ClInclude>
    <ClInclude Include="Dependencies\assimp\include\assimp\StreamWriter.h">
      <Filter>Üst Bilgi Dosyaları</Filter>
    </ClInclude>
    <ClInclude Include="Dependencies\assimp\include\assimp\StringComparison.h">
      <Filter>Üst Bilgi Dosyaları</Filter>
    </ClInclude>
    <ClInclude Include="Dependencies\assimp\include\assimp\StringUtils.h">
      <Filter>Üst Bilgi Dosyaları</Filter>
    </ClInclude>
    <ClInclude Include="Dependencies\assimp\include\assimp\Subdivision.h">
      <Filter>Üst Bilgi Dosyaları</Filter>
    </ClInclude>
    <ClInclude Include="Dependencies\assimp\include\assimp\texture.h">
      <Filter>Üst Bilgi Dosyaları</Filter>
    </ClInclude>
    <ClInclude Include="Dependencies\assimp\include\assimp\TinyFormatter.h">
      <Filter>Üst Bilgi Dosyaları</Filter>
    </ClInclude>
    <ClInclude Include="Dependencies\assimp\include\assimp\types.h">
      <Filter>Üst Bilgi Dosyaları</Filter>
    </ClInclude>
    <ClInclude Include="Dependencies\assimp\include\assimp\vector2.h">
      <Filter>Üst Bilgi Dosyaları</Filter>
    </ClInclude>
    <ClInclude Include="Dependencies\assimp\include\assimp\vector3.h">
      <Filter>Üst Bilgi Dosyaları</Filter>
    </ClInclude>
    <ClInclude Include="Dependencies\assimp\include\assimp\version.h">
      <Filter>Üst Bilgi Dosyaları</Filter>
    </ClInclude>
    <ClInclude Include="Dependencies\assimp\include\assimp\Vertex.h">
      <Filter>Üst Bilgi Dosyaları</Filter>
    </ClInclude>
    <ClInclude Include="Dependencies\assimp\include\assimp\XMLTools.h">
      <Filter>Üst Bilgi Dosyaları</Filter>
    </ClInclude>
    <ClInclude Include="Dependencies\assimp\include\assimp\ZipArchiveIOSystem.h">
      <Filter>Üst Bilgi Dosyaları</Filter>
    </ClInclude>
    <ClInclude Include="API\Config.h">
      <Filter>Üst Bilgi Dosyaları</Filter>
    </ClInclude>
    <ClInclude Include="API\GraphicsCortex.h">
      <Filter>Üst Bilgi Dosyaları</Filter>
    </ClInclude>
    <ClInclude Include="API\UnifromQueue.h">
      <Filter>Üst Bilgi Dosyaları</Filter>
    </ClInclude>
    <ClInclude Include="API\PhysicsContext.h">
      <Filter>Üst Bilgi Dosyaları</Filter>
    </ClInclude>
    <ClInclude Include="API\PhysicsGeometry.h">
      <Filter>Üst Bilgi Dosyaları</Filter>
    </ClInclude>
    <ClInclude Include="API\PhysicsObject.h">
      <Filter>Üst Bilgi Dosyaları</Filter>
    </ClInclude>
    <ClInclude Include="API\PhysicsScene.h">
      <Filter>Üst Bilgi Dosyaları</Filter>
    </ClInclude>
    <ClInclude Include="API\PhysicsLink.h">
      <Filter>Üst Bilgi Dosyaları</Filter>
    </ClInclude>
    <ClInclude Include="snippetcommon\SnippetVehicleWheelQueryResult.h">
      <Filter>Üst Bilgi Dosyaları</Filter>
    </ClInclude>
    <ClInclude Include="snippetcommon\SnippetPrint.h">
      <Filter>Üst Bilgi Dosyaları</Filter>
    </ClInclude>
    <ClInclude Include="snippetcommon\SnippetPVD.h">
      <Filter>Üst Bilgi Dosyaları</Filter>
    </ClInclude>
    <ClInclude Include="snippetcommon\SnippetVehicleConcurrency.h">
      <Filter>Üst Bilgi Dosyaları</Filter>
    </ClInclude>
    <ClInclude Include="snippetcommon\SnippetVehicleCreate.h">
      <Filter>Üst Bilgi Dosyaları</Filter>
    </ClInclude>
    <ClInclude Include="snippetcommon\SnippetVehicleFilterShader.h">
      <Filter>Üst Bilgi Dosyaları</Filter>
    </ClInclude>
    <ClInclude Include="snippetcommon\SnippetVehicleSceneQuery.h">
      <Filter>Üst Bilgi Dosyaları</Filter>
    </ClInclude>
    <ClInclude Include="snippetcommon\SnippetVehicleTireFriction.h">
      <Filter>Üst Bilgi Dosyaları</Filter>
    </ClInclude>
    <ClInclude Include="API\PhysicsVehicle.h">
      <Filter>Üst Bilgi Dosyaları</Filter>
    </ClInclude>
  </ItemGroup>
  <ItemGroup>
    <Image Include="Images\orange.png">
      <Filter>Kaynak Dosyaları</Filter>
    </Image>
    <Image Include="Images\cobble.png">
      <Filter>Kaynak Dosyaları</Filter>
    </Image>
    <Image Include="Images\GoldBlock.png">
      <Filter>Kaynak Dosyaları</Filter>
    </Image>
    <Image Include="Images\grass.png">
      <Filter>Kaynak Dosyaları</Filter>
    </Image>
    <Image Include="Images\full_white.png">
      <Filter>Kaynak Dosyaları</Filter>
    </Image>
    <Image Include="Images\full_black.png">
      <Filter>Kaynak Dosyaları</Filter>
    </Image>
    <Image Include="Images\Stones\brickcolor.jpg">
      <Filter>Kaynak Dosyaları</Filter>
    </Image>
    <Image Include="Images\Stones\bricknormal.png">
      <Filter>Kaynak Dosyaları</Filter>
    </Image>
    <Image Include="Images\Stones\brickreflection.jpg">
      <Filter>Kaynak Dosyaları</Filter>
    </Image>
    <Image Include="Images\Stones\BricksFlemishRed001_cube.jpg">
      <Filter>Kaynak Dosyaları</Filter>
    </Image>
    <Image Include="Images\Stones\BricksFlemishRed001_sphere.jpg">
      <Filter>Kaynak Dosyaları</Filter>
    </Image>
    <Image Include="Images\CubeMap\Street\nx.png">
      <Filter>Kaynak Dosyaları</Filter>
    </Image>
    <Image Include="Images\CubeMap\Street\ny.png">
      <Filter>Kaynak Dosyaları</Filter>
    </Image>
    <Image Include="Images\CubeMap\Street\nz.png">
      <Filter>Kaynak Dosyaları</Filter>
    </Image>
    <Image Include="Images\CubeMap\Street\px.png">
      <Filter>Kaynak Dosyaları</Filter>
    </Image>
    <Image Include="Images\CubeMap\Street\py.png">
      <Filter>Kaynak Dosyaları</Filter>
    </Image>
    <Image Include="Images\CubeMap\Street\pz.png">
      <Filter>Kaynak Dosyaları</Filter>
    </Image>
    <Image Include="Images\CubeMap\Sky\nz.jpg">
      <Filter>Kaynak Dosyaları</Filter>
    </Image>
    <Image Include="Images\CubeMap\Sky\ny.jpg">
      <Filter>Kaynak Dosyaları</Filter>
    </Image>
    <Image Include="Images\CubeMap\Sky\pz.jpg">
      <Filter>Kaynak Dosyaları</Filter>
    </Image>
    <Image Include="Images\CubeMap\Sky\nx.jpg">
      <Filter>Kaynak Dosyaları</Filter>
    </Image>
    <Image Include="Images\CubeMap\Sky\px.jpg">
      <Filter>Kaynak Dosyaları</Filter>
    </Image>
    <Image Include="Images\CubeMap\Sky\py.jpg">
      <Filter>Kaynak Dosyaları</Filter>
    </Image>
    <Image Include="Images\Bricks\brickcolor.jpg">
      <Filter>Kaynak Dosyaları</Filter>
    </Image>
    <Image Include="Images\Bricks\bricknormal.png">
      <Filter>Kaynak Dosyaları</Filter>
    </Image>
    <Image Include="Images\Bricks\brickreflection.jpg">
      <Filter>Kaynak Dosyaları</Filter>
    </Image>
    <Image Include="Images\Bricks\BricksFlemishRed001_cube.jpg">
      <Filter>Kaynak Dosyaları</Filter>
    </Image>
    <Image Include="Images\Bricks\BricksFlemishRed001_sphere.jpg">
      <Filter>Kaynak Dosyaları</Filter>
    </Image>
    <Image Include="Images\StoneTiles\tiles_color.jpg">
      <Filter>Kaynak Dosyaları</Filter>
    </Image>
    <Image Include="Images\StoneTiles\tiles_normal.jpg">
      <Filter>Kaynak Dosyaları</Filter>
    </Image>
    <Image Include="Images\StoneTiles\tiles_specular.jpg">
      <Filter>Kaynak Dosyaları</Filter>
    </Image>
  </ItemGroup>
  <ItemGroup>
    <Text Include="what does a good graphics api  should have.txt" />
  </ItemGroup>
</Project>