<?xml version="1.0" encoding="utf-8"?>
<Project ToolsVersion="4.0" xmlns="http://schemas.microsoft.com/developer/msbuild/2003">
  <ItemGroup>
    <Filter Include="Kaynak Dosyalar">
      <UniqueIdentifier>{4FC737F1-C7A5-4376-A066-2A32D752A2FF}</UniqueIdentifier>
      <Extensions>cpp;c;cc;cxx;c++;cppm;ixx;def;odl;idl;hpj;bat;asm;asmx</Extensions>
    </Filter>
    <Filter Include="Üst Bilgi Dosyaları">
      <UniqueIdentifier>{93995380-89BD-4b04-88EB-625FBE52EBFB}</UniqueIdentifier>
      <Extensions>h;hh;hpp;hxx;h++;hm;inl;inc;ipp;xsd</Extensions>
    </Filter>
    <Filter Include="Kaynak Dosyaları">
      <UniqueIdentifier>{67DA6AB6-F800-4c08-8B7A-83BB121AAD01}</UniqueIdentifier>
      <Extensions>rc;ico;cur;bmp;dlg;rc2;rct;bin;rgs;gif;jpg;jpeg;jpe;resx;tiff;tif;png;wav;mfcribbon-ms</Extensions>
    </Filter>
    <Filter Include="NewFilter1">
      <UniqueIdentifier>{882ecea0-87a5-4634-abff-a2171f90d0ab}</UniqueIdentifier>
    </Filter>
  </ItemGroup>
  <ItemGroup>
    <ClCompile Include="OpenglRenderer.cpp">
      <Filter>Kaynak Dosyalar</Filter>
    </ClCompile>
    <ClCompile Include="API\Debuger.cpp">
      <Filter>Kaynak Dosyalar</Filter>
    </ClCompile>
    <ClCompile Include="API\ShaderCompiler.cpp">
      <Filter>Kaynak Dosyalar</Filter>
    </ClCompile>
    <ClCompile Include="API\Buffer.cpp">
      <Filter>Kaynak Dosyalar</Filter>
    </ClCompile>
    <ClCompile Include="API\Frame.cpp">
      <Filter>Kaynak Dosyalar</Filter>
    </ClCompile>
    <ClCompile Include="API\Graphic.cpp">
      <Filter>Kaynak Dosyalar</Filter>
    </ClCompile>
    <ClCompile Include="Dependencies\stb_image\stb_image.cpp">
      <Filter>Kaynak Dosyalar</Filter>
    </ClCompile>
    <ClCompile Include="API\Texture.cpp">
      <Filter>Kaynak Dosyalar</Filter>
    </ClCompile>
    <ClCompile Include="API\Camera.cpp">
      <Filter>Kaynak Dosyalar</Filter>
    </ClCompile>
    <ClCompile Include="API\Scene.cpp">
      <Filter>Kaynak Dosyalar</Filter>
    </ClCompile>
    <ClCompile Include="API\Lights.cpp">
      <Filter>Kaynak Dosyalar</Filter>
    </ClCompile>
    <ClCompile Include="API\Default_Assets.cpp">
      <Filter>Kaynak Dosyalar</Filter>
    </ClCompile>
    <ClCompile Include="API\FrameBuffercpp.cpp">
      <Filter>Kaynak Dosyalar</Filter>
    </ClCompile>
    <ClCompile Include="API\CubeMap.cpp">
      <Filter>Kaynak Dosyalar</Filter>
    </ClCompile>
  </ItemGroup>
  <ItemGroup>
    <None Include="Shaders\SolidVertex.glsl" />
    <None Include="Shaders\SolidFragment.glsl" />
    <None Include="Shaders\FlatColorVertex.glsl" />
    <None Include="Shaders\FlatColorFragment.glsl" />
    <None Include="Shaders\FrameBufferVertex.glsl" />
    <None Include="Shaders\FrameBufferFragment.glsl" />
    <None Include="Shaders\CubeMapVertex.glsl" />
    <None Include="Shaders\CubeMapFragment.glsl" />
  </ItemGroup>
  <ItemGroup>
    <ClInclude Include="API\Debuger.h">
      <Filter>Üst Bilgi Dosyaları</Filter>
    </ClInclude>
    <ClInclude Include="API\ShaderCompiler.h">
      <Filter>Üst Bilgi Dosyaları</Filter>
    </ClInclude>
    <ClInclude Include="API\Buffer.h">
      <Filter>Üst Bilgi Dosyaları</Filter>
    </ClInclude>
    <ClInclude Include="API\Graphic.h">
      <Filter>Üst Bilgi Dosyaları</Filter>
    </ClInclude>
    <ClInclude Include="API\Frame.h">
      <Filter>Üst Bilgi Dosyaları</Filter>
    </ClInclude>
    <ClInclude Include="Dependencies\stb_image\stb_image.h">
      <Filter>Üst Bilgi Dosyaları</Filter>
    </ClInclude>
    <ClInclude Include="Dependencies\GLEW\include\GL\eglew.h">
      <Filter>Üst Bilgi Dosyaları</Filter>
    </ClInclude>
    <ClInclude Include="Dependencies\GLEW\include\GL\glew.h">
      <Filter>Üst Bilgi Dosyaları</Filter>
    </ClInclude>
    <ClInclude Include="Dependencies\GLEW\include\GL\glxew.h">
      <Filter>Üst Bilgi Dosyaları</Filter>
    </ClInclude>
    <ClInclude Include="Dependencies\GLEW\include\GL\wglew.h">
      <Filter>Üst Bilgi Dosyaları</Filter>
    </ClInclude>
    <ClInclude Include="API\Texture.h">
      <Filter>Üst Bilgi Dosyaları</Filter>
    </ClInclude>
    <ClInclude Include="API\Camera.h">
      <Filter>Üst Bilgi Dosyaları</Filter>
    </ClInclude>
    <ClInclude Include="API\Scene.h">
      <Filter>Üst Bilgi Dosyaları</Filter>
    </ClInclude>
    <ClInclude Include="API\Default_Assets.h">
      <Filter>Üst Bilgi Dosyaları</Filter>
    </ClInclude>
    <ClInclude Include="API\Lights.h">
      <Filter>Üst Bilgi Dosyaları</Filter>
    </ClInclude>
    <ClInclude Include="API\FrameBuffer.h">
      <Filter>Üst Bilgi Dosyaları</Filter>
    </ClInclude>
    <ClInclude Include="API\CubeMap.h">
      <Filter>Üst Bilgi Dosyaları</Filter>
    </ClInclude>
  </ItemGroup>
  <ItemGroup>
    <Image Include="Images\orange.png">
      <Filter>Kaynak Dosyaları</Filter>
    </Image>
    <Image Include="Images\cobble.png">
      <Filter>Kaynak Dosyaları</Filter>
    </Image>
    <Image Include="Images\GoldBlock.png">
      <Filter>Kaynak Dosyaları</Filter>
    </Image>
    <Image Include="Images\grass.png">
      <Filter>Kaynak Dosyaları</Filter>
    </Image>
    <Image Include="Images\full_white.png">
      <Filter>Kaynak Dosyaları</Filter>
    </Image>
    <Image Include="Images\full_black.png">
      <Filter>Kaynak Dosyaları</Filter>
    </Image>
    <Image Include="Images\Stones\brickcolor.jpg">
      <Filter>Kaynak Dosyaları</Filter>
    </Image>
    <Image Include="Images\Stones\bricknormal.png">
      <Filter>Kaynak Dosyaları</Filter>
    </Image>
    <Image Include="Images\Stones\brickreflection.jpg">
      <Filter>Kaynak Dosyaları</Filter>
    </Image>
    <Image Include="Images\Stones\BricksFlemishRed001_cube.jpg">
      <Filter>Kaynak Dosyaları</Filter>
    </Image>
    <Image Include="Images\Stones\BricksFlemishRed001_sphere.jpg">
      <Filter>Kaynak Dosyaları</Filter>
    </Image>
    <Image Include="Images\CubeMap\Street\nx.png">
      <Filter>Kaynak Dosyaları</Filter>
    </Image>
    <Image Include="Images\CubeMap\Street\ny.png">
      <Filter>Kaynak Dosyaları</Filter>
    </Image>
    <Image Include="Images\CubeMap\Street\nz.png">
      <Filter>Kaynak Dosyaları</Filter>
    </Image>
    <Image Include="Images\CubeMap\Street\px.png">
      <Filter>Kaynak Dosyaları</Filter>
    </Image>
    <Image Include="Images\CubeMap\Street\py.png">
      <Filter>Kaynak Dosyaları</Filter>
    </Image>
    <Image Include="Images\CubeMap\Street\pz.png">
      <Filter>Kaynak Dosyaları</Filter>
    </Image>
    <Image Include="Images\CubeMap\Sky\nz.jpg">
      <Filter>Kaynak Dosyaları</Filter>
    </Image>
    <Image Include="Images\CubeMap\Sky\ny.jpg">
      <Filter>Kaynak Dosyaları</Filter>
    </Image>
    <Image Include="Images\CubeMap\Sky\pz.jpg">
      <Filter>Kaynak Dosyaları</Filter>
    </Image>
    <Image Include="Images\CubeMap\Sky\nx.jpg">
      <Filter>Kaynak Dosyaları</Filter>
    </Image>
    <Image Include="Images\CubeMap\Sky\px.jpg">
      <Filter>Kaynak Dosyaları</Filter>
    </Image>
    <Image Include="Images\CubeMap\Sky\py.jpg">
      <Filter>Kaynak Dosyaları</Filter>
    </Image>
  </ItemGroup>
  <ItemGroup>
    <Text Include="what does a good graphics api  should have.txt" />
  </ItemGroup>
</Project>